
Microsoft Visual Studio Solution File, Format Version 12.00
# Visual Studio Version 16
VisualStudioVersion = 16.0.30309.148
MinimumVisualStudioVersion = 10.0.40219.1
Project("{FAE04EC0-301F-11D3-BF4B-00C04F79EFBC}") = "School_Management_System", "School_Management_System.csproj", "{F2845C60-9D1F-4B73-9C9E-2AE5B94ED062}"
EndProject
Global
	GlobalSection(SolutionConfigurationPlatforms) = preSolution
		Debug|Any CPU = Debug|Any CPU
		Release|Any CPU = Release|Any CPU
	EndGlobalSection
	GlobalSection(ProjectConfigurationPlatforms) = postSolution
		{F2845C60-9D1F-4B73-9C9E-2AE5B94ED062}.Debug|Any CPU.ActiveCfg = Debug|Any CPU
		{F2845C60-9D1F-4B73-9C9E-2AE5B94ED062}.Debug|Any CPU.Build.0 = Debug|Any CPU
		{F2845C60-9D1F-4B73-9C9E-2AE5B94ED062}.Release|Any CPU.ActiveCfg = Release|Any CPU
		{F2845C60-9D1F-4B73-9C9E-2AE5B94ED062}.Release|Any CPU.Build.0 = Release|Any CPU
	EndGlobalSection
	GlobalSection(SolutionProperties) = preSolution
		HideSolutionNode = FALSE
	EndGlobalSection
	GlobalSection(ExtensibilityGlobals) = postSolution
		SolutionGuid = {968BECFF-A98E-4265-B5B0-5FA358EF25AE}
	EndGlobalSection
EndGlobal
